// !$*UTF8*$!
{
	archiveVersion = 1;
	classes = {
	};
	objectVersion = 55;
	objects = {

/* Begin PBXBuildFile section */
		3678915329D61811006BE614 /* DataModel.xcdatamodeld in Sources */ = {isa = PBXBuildFile; fileRef = 3678915129D61811006BE614 /* DataModel.xcdatamodeld */; };
		3678915729D61989006BE614 /* AddCourseView.swift in Sources */ = {isa = PBXBuildFile; fileRef = 3678915629D61989006BE614 /* AddCourseView.swift */; };
		3678915929D61994006BE614 /* AddTaskView.swift in Sources */ = {isa = PBXBuildFile; fileRef = 3678915829D61994006BE614 /* AddTaskView.swift */; };
		3678915B29D619B0006BE614 /* EditCourseView.swift in Sources */ = {isa = PBXBuildFile; fileRef = 3678915A29D619B0006BE614 /* EditCourseView.swift */; };
		3678915D29D619BE006BE614 /* EditTaskView.swift in Sources */ = {isa = PBXBuildFile; fileRef = 3678915C29D619BE006BE614 /* EditTaskView.swift */; };
		3678916029D61A02006BE614 /* DataController.swift in Sources */ = {isa = PBXBuildFile; fileRef = 3678915F29D61A02006BE614 /* DataController.swift */; };
		3678916529D61B91006BE614 /* CourseActions.swift in Sources */ = {isa = PBXBuildFile; fileRef = 3678916429D61B91006BE614 /* CourseActions.swift */; };
		3678916B29D64618006BE614 /* TaskView.swift in Sources */ = {isa = PBXBuildFile; fileRef = 3678916A29D64618006BE614 /* TaskView.swift */; };
		3678917029D65549006BE614 /* Course+CoreDataClass.swift in Sources */ = {isa = PBXBuildFile; fileRef = 3678916C29D65549006BE614 /* Course+CoreDataClass.swift */; };
		3678917129D65549006BE614 /* Course+CoreDataProperties.swift in Sources */ = {isa = PBXBuildFile; fileRef = 3678916D29D65549006BE614 /* Course+CoreDataProperties.swift */; };
		3678917229D65549006BE614 /* Task+CoreDataClass.swift in Sources */ = {isa = PBXBuildFile; fileRef = 3678916E29D65549006BE614 /* Task+CoreDataClass.swift */; };
		3678917329D65549006BE614 /* Task+CoreDataProperties.swift in Sources */ = {isa = PBXBuildFile; fileRef = 3678916F29D65549006BE614 /* Task+CoreDataProperties.swift */; };
		36A6ED7529D552BE00CC226E /* Preview Assets.xcassets in Resources */ = {isa = PBXBuildFile; fileRef = 36A6ED7429D552BE00CC226E /* Preview Assets.xcassets */; };
		36B3DBF629D53EAE002DB63D /* FirebaseFirestore in Frameworks */ = {isa = PBXBuildFile; productRef = 36B3DBF529D53EAE002DB63D /* FirebaseFirestore */; };
		36B3DBF829D53EAE002DB63D /* FirebaseFirestoreSwift in Frameworks */ = {isa = PBXBuildFile; productRef = 36B3DBF729D53EAE002DB63D /* FirebaseFirestoreSwift */; };
		36B3DBFF29D53F82002DB63D /* User.swift in Sources */ = {isa = PBXBuildFile; fileRef = 36B3DBFE29D53F82002DB63D /* User.swift */; };
		A7112A2129D51BF7003694F8 /* StudyBuddyApp.swift in Sources */ = {isa = PBXBuildFile; fileRef = A7112A2029D51BF7003694F8 /* StudyBuddyApp.swift */; };
		A7112A2329D51BF7003694F8 /* ContentView.swift in Sources */ = {isa = PBXBuildFile; fileRef = A7112A2229D51BF7003694F8 /* ContentView.swift */; };
		A7112A2529D51C05003694F8 /* Assets.xcassets in Resources */ = {isa = PBXBuildFile; fileRef = A7112A2429D51C05003694F8 /* Assets.xcassets */; };
		A7112A3229D51C05003694F8 /* StudyBuddyTests.swift in Sources */ = {isa = PBXBuildFile; fileRef = A7112A3129D51C05003694F8 /* StudyBuddyTests.swift */; };
		A7112A3C29D51C05003694F8 /* StudyBuddyUITests.swift in Sources */ = {isa = PBXBuildFile; fileRef = A7112A3B29D51C05003694F8 /* StudyBuddyUITests.swift */; };
		A7112A3E29D51C05003694F8 /* StudyBuddyUITestsLaunchTests.swift in Sources */ = {isa = PBXBuildFile; fileRef = A7112A3D29D51C05003694F8 /* StudyBuddyUITestsLaunchTests.swift */; };
/* End PBXBuildFile section */

/* Begin PBXContainerItemProxy section */
		A7112A2E29D51C05003694F8 /* PBXContainerItemProxy */ = {
			isa = PBXContainerItemProxy;
			containerPortal = A7112A1529D51BF7003694F8 /* Project object */;
			proxyType = 1;
			remoteGlobalIDString = A7112A1C29D51BF7003694F8;
			remoteInfo = StudyBuddy;
		};
		A7112A3829D51C05003694F8 /* PBXContainerItemProxy */ = {
			isa = PBXContainerItemProxy;
			containerPortal = A7112A1529D51BF7003694F8 /* Project object */;
			proxyType = 1;
			remoteGlobalIDString = A7112A1C29D51BF7003694F8;
			remoteInfo = StudyBuddy;
		};
/* End PBXContainerItemProxy section */

/* Begin PBXFileReference section */
		3678915229D61811006BE614 /* DataModel.xcdatamodel */ = {isa = PBXFileReference; lastKnownFileType = wrapper.xcdatamodel; path = DataModel.xcdatamodel; sourceTree = "<group>"; };
		3678915629D61989006BE614 /* AddCourseView.swift */ = {isa = PBXFileReference; lastKnownFileType = sourcecode.swift; path = AddCourseView.swift; sourceTree = "<group>"; };
		3678915829D61994006BE614 /* AddTaskView.swift */ = {isa = PBXFileReference; lastKnownFileType = sourcecode.swift; path = AddTaskView.swift; sourceTree = "<group>"; };
		3678915A29D619B0006BE614 /* EditCourseView.swift */ = {isa = PBXFileReference; lastKnownFileType = sourcecode.swift; path = EditCourseView.swift; sourceTree = "<group>"; };
		3678915C29D619BE006BE614 /* EditTaskView.swift */ = {isa = PBXFileReference; lastKnownFileType = sourcecode.swift; path = EditTaskView.swift; sourceTree = "<group>"; };
		3678915F29D61A02006BE614 /* DataController.swift */ = {isa = PBXFileReference; lastKnownFileType = sourcecode.swift; path = DataController.swift; sourceTree = "<group>"; };
		3678916429D61B91006BE614 /* CourseActions.swift */ = {isa = PBXFileReference; lastKnownFileType = sourcecode.swift; path = CourseActions.swift; sourceTree = "<group>"; };
		3678916A29D64618006BE614 /* TaskView.swift */ = {isa = PBXFileReference; lastKnownFileType = sourcecode.swift; path = TaskView.swift; sourceTree = "<group>"; };
		3678916C29D65549006BE614 /* Course+CoreDataClass.swift */ = {isa = PBXFileReference; lastKnownFileType = sourcecode.swift; name = "Course+CoreDataClass.swift"; path = "StudyBuddy/Model/Course+CoreDataClass.swift"; sourceTree = "<group>"; };
		3678916D29D65549006BE614 /* Course+CoreDataProperties.swift */ = {isa = PBXFileReference; lastKnownFileType = sourcecode.swift; name = "Course+CoreDataProperties.swift"; path = "StudyBuddy/Model/Course+CoreDataProperties.swift"; sourceTree = "<group>"; };
		3678916E29D65549006BE614 /* Task+CoreDataClass.swift */ = {isa = PBXFileReference; lastKnownFileType = sourcecode.swift; name = "Task+CoreDataClass.swift"; path = "StudyBuddy/Model/Task+CoreDataClass.swift"; sourceTree = "<group>"; };
		3678916F29D65549006BE614 /* Task+CoreDataProperties.swift */ = {isa = PBXFileReference; lastKnownFileType = sourcecode.swift; name = "Task+CoreDataProperties.swift"; path = "StudyBuddy/Model/Task+CoreDataProperties.swift"; sourceTree = "<group>"; };
		36A6ED7429D552BE00CC226E /* Preview Assets.xcassets */ = {isa = PBXFileReference; lastKnownFileType = folder.assetcatalog; path = "Preview Assets.xcassets"; sourceTree = "<group>"; };
		36B3DBFE29D53F82002DB63D /* User.swift */ = {isa = PBXFileReference; lastKnownFileType = sourcecode.swift; path = User.swift; sourceTree = "<group>"; };
		A7112A1D29D51BF7003694F8 /* StudyBuddy.app */ = {isa = PBXFileReference; explicitFileType = wrapper.application; includeInIndex = 0; path = StudyBuddy.app; sourceTree = BUILT_PRODUCTS_DIR; };
		A7112A2029D51BF7003694F8 /* StudyBuddyApp.swift */ = {isa = PBXFileReference; lastKnownFileType = sourcecode.swift; path = StudyBuddyApp.swift; sourceTree = "<group>"; };
		A7112A2229D51BF7003694F8 /* ContentView.swift */ = {isa = PBXFileReference; lastKnownFileType = sourcecode.swift; path = ContentView.swift; sourceTree = "<group>"; };
		A7112A2429D51C05003694F8 /* Assets.xcassets */ = {isa = PBXFileReference; lastKnownFileType = folder.assetcatalog; path = Assets.xcassets; sourceTree = "<group>"; };
		A7112A2D29D51C05003694F8 /* StudyBuddyTests.xctest */ = {isa = PBXFileReference; explicitFileType = wrapper.cfbundle; includeInIndex = 0; path = StudyBuddyTests.xctest; sourceTree = BUILT_PRODUCTS_DIR; };
		A7112A3129D51C05003694F8 /* StudyBuddyTests.swift */ = {isa = PBXFileReference; lastKnownFileType = sourcecode.swift; path = StudyBuddyTests.swift; sourceTree = "<group>"; };
		A7112A3729D51C05003694F8 /* StudyBuddyUITests.xctest */ = {isa = PBXFileReference; explicitFileType = wrapper.cfbundle; includeInIndex = 0; path = StudyBuddyUITests.xctest; sourceTree = BUILT_PRODUCTS_DIR; };
		A7112A3B29D51C05003694F8 /* StudyBuddyUITests.swift */ = {isa = PBXFileReference; lastKnownFileType = sourcecode.swift; path = StudyBuddyUITests.swift; sourceTree = "<group>"; };
		A7112A3D29D51C05003694F8 /* StudyBuddyUITestsLaunchTests.swift */ = {isa = PBXFileReference; lastKnownFileType = sourcecode.swift; path = StudyBuddyUITestsLaunchTests.swift; sourceTree = "<group>"; };
/* End PBXFileReference section */

/* Begin PBXFrameworksBuildPhase section */
		A7112A1A29D51BF7003694F8 /* Frameworks */ = {
			isa = PBXFrameworksBuildPhase;
			buildActionMask = 2147483647;
			files = (
				36B3DBF629D53EAE002DB63D /* FirebaseFirestore in Frameworks */,
				36B3DBF829D53EAE002DB63D /* FirebaseFirestoreSwift in Frameworks */,
			);
			runOnlyForDeploymentPostprocessing = 0;
		};
		A7112A2A29D51C05003694F8 /* Frameworks */ = {
			isa = PBXFrameworksBuildPhase;
			buildActionMask = 2147483647;
			files = (
			);
			runOnlyForDeploymentPostprocessing = 0;
		};
		A7112A3429D51C05003694F8 /* Frameworks */ = {
			isa = PBXFrameworksBuildPhase;
			buildActionMask = 2147483647;
			files = (
			);
			runOnlyForDeploymentPostprocessing = 0;
		};
/* End PBXFrameworksBuildPhase section */

/* Begin PBXGroup section */
		3678915429D6181A006BE614 /* Model */ = {
			isa = PBXGroup;
			children = (
				3678915129D61811006BE614 /* DataModel.xcdatamodeld */,
			);
			path = Model;
			sourceTree = "<group>";
		};
		3678915529D61930006BE614 /* Views */ = {
			isa = PBXGroup;
			children = (
				3678915629D61989006BE614 /* AddCourseView.swift */,
				3678915829D61994006BE614 /* AddTaskView.swift */,
				3678915A29D619B0006BE614 /* EditCourseView.swift */,
				3678915C29D619BE006BE614 /* EditTaskView.swift */,
				3678916A29D64618006BE614 /* TaskView.swift */,
			);
			path = Views;
			sourceTree = "<group>";
		};
		3678915E29D619E4006BE614 /* Controller */ = {
			isa = PBXGroup;
			children = (
				3678916329D61B71006BE614 /* Actions */,
				3678915F29D61A02006BE614 /* DataController.swift */,
			);
			path = Controller;
			sourceTree = "<group>";
		};
		3678916329D61B71006BE614 /* Actions */ = {
			isa = PBXGroup;
			children = (
				3678916429D61B91006BE614 /* CourseActions.swift */,
			);
			path = Actions;
			sourceTree = "<group>";
		};
		36A6ED7029D54CDA00CC226E /* Preview Content */ = {
			isa = PBXGroup;
			children = (
				36A6ED7429D552BE00CC226E /* Preview Assets.xcassets */,
			);
			path = "Preview Content";
			sourceTree = "<group>";
		};
		36B3DBF929D53F25002DB63D /* Classes and Struct */ = {
			isa = PBXGroup;
			children = (
				36B3DBFE29D53F82002DB63D /* User.swift */,
			);
			path = "Classes and Struct";
			sourceTree = "<group>";
		};
		A7112A1429D51BF7003694F8 = {
			isa = PBXGroup;
			children = (
				3678916C29D65549006BE614 /* Course+CoreDataClass.swift */,
				3678916D29D65549006BE614 /* Course+CoreDataProperties.swift */,
				3678916E29D65549006BE614 /* Task+CoreDataClass.swift */,
				3678916F29D65549006BE614 /* Task+CoreDataProperties.swift */,
				A7112A1F29D51BF7003694F8 /* StudyBuddy */,
				A7112A3029D51C05003694F8 /* StudyBuddyTests */,
				A7112A3A29D51C05003694F8 /* StudyBuddyUITests */,
				A7112A1E29D51BF7003694F8 /* Products */,
			);
			sourceTree = "<group>";
		};
		A7112A1E29D51BF7003694F8 /* Products */ = {
			isa = PBXGroup;
			children = (
				A7112A1D29D51BF7003694F8 /* StudyBuddy.app */,
				A7112A2D29D51C05003694F8 /* StudyBuddyTests.xctest */,
				A7112A3729D51C05003694F8 /* StudyBuddyUITests.xctest */,
			);
			name = Products;
			sourceTree = "<group>";
		};
		A7112A1F29D51BF7003694F8 /* StudyBuddy */ = {
			isa = PBXGroup;
			children = (
				3678915E29D619E4006BE614 /* Controller */,
				3678915529D61930006BE614 /* Views */,
				3678915429D6181A006BE614 /* Model */,
				36A6ED7029D54CDA00CC226E /* Preview Content */,
				A7112A2029D51BF7003694F8 /* StudyBuddyApp.swift */,
				36B3DBF929D53F25002DB63D /* Classes and Struct */,
				A7112A2229D51BF7003694F8 /* ContentView.swift */,
				A7112A2429D51C05003694F8 /* Assets.xcassets */,
			);
			path = StudyBuddy;
			sourceTree = "<group>";
		};
		A7112A3029D51C05003694F8 /* StudyBuddyTests */ = {
			isa = PBXGroup;
			children = (
				A7112A3129D51C05003694F8 /* StudyBuddyTests.swift */,
			);
			path = StudyBuddyTests;
			sourceTree = "<group>";
		};
		A7112A3A29D51C05003694F8 /* StudyBuddyUITests */ = {
			isa = PBXGroup;
			children = (
				A7112A3B29D51C05003694F8 /* StudyBuddyUITests.swift */,
				A7112A3D29D51C05003694F8 /* StudyBuddyUITestsLaunchTests.swift */,
			);
			path = StudyBuddyUITests;
			sourceTree = "<group>";
		};
/* End PBXGroup section */

/* Begin PBXNativeTarget section */
		A7112A1C29D51BF7003694F8 /* StudyBuddy */ = {
			isa = PBXNativeTarget;
			buildConfigurationList = A7112A4129D51C05003694F8 /* Build configuration list for PBXNativeTarget "StudyBuddy" */;
			buildPhases = (
				A7112A1929D51BF7003694F8 /* Sources */,
				A7112A1A29D51BF7003694F8 /* Frameworks */,
				A7112A1B29D51BF7003694F8 /* Resources */,
			);
			buildRules = (
			);
			dependencies = (
			);
			name = StudyBuddy;
			packageProductDependencies = (
				36B3DBF529D53EAE002DB63D /* FirebaseFirestore */,
				36B3DBF729D53EAE002DB63D /* FirebaseFirestoreSwift */,
			);
			productName = StudyBuddy;
			productReference = A7112A1D29D51BF7003694F8 /* StudyBuddy.app */;
			productType = "com.apple.product-type.application";
		};
		A7112A2C29D51C05003694F8 /* StudyBuddyTests */ = {
			isa = PBXNativeTarget;
			buildConfigurationList = A7112A4429D51C05003694F8 /* Build configuration list for PBXNativeTarget "StudyBuddyTests" */;
			buildPhases = (
				A7112A2929D51C05003694F8 /* Sources */,
				A7112A2A29D51C05003694F8 /* Frameworks */,
				A7112A2B29D51C05003694F8 /* Resources */,
			);
			buildRules = (
			);
			dependencies = (
				A7112A2F29D51C05003694F8 /* PBXTargetDependency */,
			);
			name = StudyBuddyTests;
			productName = StudyBuddyTests;
			productReference = A7112A2D29D51C05003694F8 /* StudyBuddyTests.xctest */;
			productType = "com.apple.product-type.bundle.unit-test";
		};
		A7112A3629D51C05003694F8 /* StudyBuddyUITests */ = {
			isa = PBXNativeTarget;
			buildConfigurationList = A7112A4729D51C05003694F8 /* Build configuration list for PBXNativeTarget "StudyBuddyUITests" */;
			buildPhases = (
				A7112A3329D51C05003694F8 /* Sources */,
				A7112A3429D51C05003694F8 /* Frameworks */,
				A7112A3529D51C05003694F8 /* Resources */,
			);
			buildRules = (
			);
			dependencies = (
				A7112A3929D51C05003694F8 /* PBXTargetDependency */,
			);
			name = StudyBuddyUITests;
			productName = StudyBuddyUITests;
			productReference = A7112A3729D51C05003694F8 /* StudyBuddyUITests.xctest */;
			productType = "com.apple.product-type.bundle.ui-testing";
		};
/* End PBXNativeTarget section */

/* Begin PBXProject section */
		A7112A1529D51BF7003694F8 /* Project object */ = {
			isa = PBXProject;
			attributes = {
				BuildIndependentTargetsInParallel = 1;
				LastSwiftUpdateCheck = 1340;
				LastUpgradeCheck = 1340;
				TargetAttributes = {
					A7112A1C29D51BF7003694F8 = {
						CreatedOnToolsVersion = 13.4.1;
					};
					A7112A2C29D51C05003694F8 = {
						CreatedOnToolsVersion = 13.4.1;
						TestTargetID = A7112A1C29D51BF7003694F8;
					};
					A7112A3629D51C05003694F8 = {
						CreatedOnToolsVersion = 13.4.1;
						TestTargetID = A7112A1C29D51BF7003694F8;
					};
				};
			};
			buildConfigurationList = A7112A1829D51BF7003694F8 /* Build configuration list for PBXProject "StudyBuddy" */;
			compatibilityVersion = "Xcode 13.0";
			developmentRegion = en;
			hasScannedForEncodings = 0;
			knownRegions = (
				en,
				Base,
			);
			mainGroup = A7112A1429D51BF7003694F8;
			packageReferences = (
				36B3DBF429D53EAE002DB63D /* XCRemoteSwiftPackageReference "firebase-ios-sdk" */,
			);
			productRefGroup = A7112A1E29D51BF7003694F8 /* Products */;
			projectDirPath = "";
			projectRoot = "";
			targets = (
				A7112A1C29D51BF7003694F8 /* StudyBuddy */,
				A7112A2C29D51C05003694F8 /* StudyBuddyTests */,
				A7112A3629D51C05003694F8 /* StudyBuddyUITests */,
			);
		};
/* End PBXProject section */

/* Begin PBXResourcesBuildPhase section */
		A7112A1B29D51BF7003694F8 /* Resources */ = {
			isa = PBXResourcesBuildPhase;
			buildActionMask = 2147483647;
			files = (
				A7112A2529D51C05003694F8 /* Assets.xcassets in Resources */,
				36A6ED7529D552BE00CC226E /* Preview Assets.xcassets in Resources */,
			);
			runOnlyForDeploymentPostprocessing = 0;
		};
		A7112A2B29D51C05003694F8 /* Resources */ = {
			isa = PBXResourcesBuildPhase;
			buildActionMask = 2147483647;
			files = (
			);
			runOnlyForDeploymentPostprocessing = 0;
		};
		A7112A3529D51C05003694F8 /* Resources */ = {
			isa = PBXResourcesBuildPhase;
			buildActionMask = 2147483647;
			files = (
			);
			runOnlyForDeploymentPostprocessing = 0;
		};
/* End PBXResourcesBuildPhase section */

/* Begin PBXSourcesBuildPhase section */
		A7112A1929D51BF7003694F8 /* Sources */ = {
			isa = PBXSourcesBuildPhase;
			buildActionMask = 2147483647;
			files = (
				3678916529D61B91006BE614 /* CourseActions.swift in Sources */,
				3678915B29D619B0006BE614 /* EditCourseView.swift in Sources */,
				3678917229D65549006BE614 /* Task+CoreDataClass.swift in Sources */,
				A7112A2329D51BF7003694F8 /* ContentView.swift in Sources */,
				A7112A2129D51BF7003694F8 /* StudyBuddyApp.swift in Sources */,
				3678915929D61994006BE614 /* AddTaskView.swift in Sources */,
				3678915329D61811006BE614 /* DataModel.xcdatamodeld in Sources */,
				3678917029D65549006BE614 /* Course+CoreDataClass.swift in Sources */,
				36B3DBFF29D53F82002DB63D /* User.swift in Sources */,
				3678915729D61989006BE614 /* AddCourseView.swift in Sources */,
				3678916029D61A02006BE614 /* DataController.swift in Sources */,
				3678916B29D64618006BE614 /* TaskView.swift in Sources */,
				3678915D29D619BE006BE614 /* EditTaskView.swift in Sources */,
				3678917329D65549006BE614 /* Task+CoreDataProperties.swift in Sources */,
				3678917129D65549006BE614 /* Course+CoreDataProperties.swift in Sources */,
			);
			runOnlyForDeploymentPostprocessing = 0;
		};
		A7112A2929D51C05003694F8 /* Sources */ = {
			isa = PBXSourcesBuildPhase;
			buildActionMask = 2147483647;
			files = (
				A7112A3229D51C05003694F8 /* StudyBuddyTests.swift in Sources */,
			);
			runOnlyForDeploymentPostprocessing = 0;
		};
		A7112A3329D51C05003694F8 /* Sources */ = {
			isa = PBXSourcesBuildPhase;
			buildActionMask = 2147483647;
			files = (
				A7112A3C29D51C05003694F8 /* StudyBuddyUITests.swift in Sources */,
				A7112A3E29D51C05003694F8 /* StudyBuddyUITestsLaunchTests.swift in Sources */,
			);
			runOnlyForDeploymentPostprocessing = 0;
		};
/* End PBXSourcesBuildPhase section */

/* Begin PBXTargetDependency section */
		A7112A2F29D51C05003694F8 /* PBXTargetDependency */ = {
			isa = PBXTargetDependency;
			target = A7112A1C29D51BF7003694F8 /* StudyBuddy */;
			targetProxy = A7112A2E29D51C05003694F8 /* PBXContainerItemProxy */;
		};
		A7112A3929D51C05003694F8 /* PBXTargetDependency */ = {
			isa = PBXTargetDependency;
			target = A7112A1C29D51BF7003694F8 /* StudyBuddy */;
			targetProxy = A7112A3829D51C05003694F8 /* PBXContainerItemProxy */;
		};
/* End PBXTargetDependency section */

/* Begin XCBuildConfiguration section */
		A7112A3F29D51C05003694F8 /* Debug */ = {
			isa = XCBuildConfiguration;
			buildSettings = {
				ALWAYS_SEARCH_USER_PATHS = NO;
				CLANG_ANALYZER_NONNULL = YES;
				CLANG_ANALYZER_NUMBER_OBJECT_CONVERSION = YES_AGGRESSIVE;
				CLANG_CXX_LANGUAGE_STANDARD = "gnu++17";
				CLANG_ENABLE_MODULES = YES;
				CLANG_ENABLE_OBJC_ARC = YES;
				CLANG_ENABLE_OBJC_WEAK = YES;
				CLANG_WARN_BLOCK_CAPTURE_AUTORELEASING = YES;
				CLANG_WARN_BOOL_CONVERSION = YES;
				CLANG_WARN_COMMA = YES;
				CLANG_WARN_CONSTANT_CONVERSION = YES;
				CLANG_WARN_DEPRECATED_OBJC_IMPLEMENTATIONS = YES;
				CLANG_WARN_DIRECT_OBJC_ISA_USAGE = YES_ERROR;
				CLANG_WARN_DOCUMENTATION_COMMENTS = YES;
				CLANG_WARN_EMPTY_BODY = YES;
				CLANG_WARN_ENUM_CONVERSION = YES;
				CLANG_WARN_INFINITE_RECURSION = YES;
				CLANG_WARN_INT_CONVERSION = YES;
				CLANG_WARN_NON_LITERAL_NULL_CONVERSION = YES;
				CLANG_WARN_OBJC_IMPLICIT_RETAIN_SELF = YES;
				CLANG_WARN_OBJC_LITERAL_CONVERSION = YES;
				CLANG_WARN_OBJC_ROOT_CLASS = YES_ERROR;
				CLANG_WARN_QUOTED_INCLUDE_IN_FRAMEWORK_HEADER = YES;
				CLANG_WARN_RANGE_LOOP_ANALYSIS = YES;
				CLANG_WARN_STRICT_PROTOTYPES = YES;
				CLANG_WARN_SUSPICIOUS_MOVE = YES;
				CLANG_WARN_UNGUARDED_AVAILABILITY = YES_AGGRESSIVE;
				CLANG_WARN_UNREACHABLE_CODE = YES;
				CLANG_WARN__DUPLICATE_METHOD_MATCH = YES;
				COPY_PHASE_STRIP = NO;
				DEBUG_INFORMATION_FORMAT = dwarf;
				ENABLE_STRICT_OBJC_MSGSEND = YES;
				ENABLE_TESTABILITY = YES;
				GCC_C_LANGUAGE_STANDARD = gnu11;
				GCC_DYNAMIC_NO_PIC = NO;
				GCC_NO_COMMON_BLOCKS = YES;
				GCC_OPTIMIZATION_LEVEL = 0;
				GCC_PREPROCESSOR_DEFINITIONS = (
					"DEBUG=1",
					"$(inherited)",
				);
				GCC_WARN_64_TO_32_BIT_CONVERSION = YES;
				GCC_WARN_ABOUT_RETURN_TYPE = YES_ERROR;
				GCC_WARN_UNDECLARED_SELECTOR = YES;
				GCC_WARN_UNINITIALIZED_AUTOS = YES_AGGRESSIVE;
				GCC_WARN_UNUSED_FUNCTION = YES;
				GCC_WARN_UNUSED_VARIABLE = YES;
				IPHONEOS_DEPLOYMENT_TARGET = 15.5;
				MTL_ENABLE_DEBUG_INFO = INCLUDE_SOURCE;
				MTL_FAST_MATH = YES;
				ONLY_ACTIVE_ARCH = YES;
				SDKROOT = iphoneos;
				SWIFT_ACTIVE_COMPILATION_CONDITIONS = DEBUG;
				SWIFT_OPTIMIZATION_LEVEL = "-Onone";
			};
			name = Debug;
		};
		A7112A4029D51C05003694F8 /* Release */ = {
			isa = XCBuildConfiguration;
			buildSettings = {
				ALWAYS_SEARCH_USER_PATHS = NO;
				CLANG_ANALYZER_NONNULL = YES;
				CLANG_ANALYZER_NUMBER_OBJECT_CONVERSION = YES_AGGRESSIVE;
				CLANG_CXX_LANGUAGE_STANDARD = "gnu++17";
				CLANG_ENABLE_MODULES = YES;
				CLANG_ENABLE_OBJC_ARC = YES;
				CLANG_ENABLE_OBJC_WEAK = YES;
				CLANG_WARN_BLOCK_CAPTURE_AUTORELEASING = YES;
				CLANG_WARN_BOOL_CONVERSION = YES;
				CLANG_WARN_COMMA = YES;
				CLANG_WARN_CONSTANT_CONVERSION = YES;
				CLANG_WARN_DEPRECATED_OBJC_IMPLEMENTATIONS = YES;
				CLANG_WARN_DIRECT_OBJC_ISA_USAGE = YES_ERROR;
				CLANG_WARN_DOCUMENTATION_COMMENTS = YES;
				CLANG_WARN_EMPTY_BODY = YES;
				CLANG_WARN_ENUM_CONVERSION = YES;
				CLANG_WARN_INFINITE_RECURSION = YES;
				CLANG_WARN_INT_CONVERSION = YES;
				CLANG_WARN_NON_LITERAL_NULL_CONVERSION = YES;
				CLANG_WARN_OBJC_IMPLICIT_RETAIN_SELF = YES;
				CLANG_WARN_OBJC_LITERAL_CONVERSION = YES;
				CLANG_WARN_OBJC_ROOT_CLASS = YES_ERROR;
				CLANG_WARN_QUOTED_INCLUDE_IN_FRAMEWORK_HEADER = YES;
				CLANG_WARN_RANGE_LOOP_ANALYSIS = YES;
				CLANG_WARN_STRICT_PROTOTYPES = YES;
				CLANG_WARN_SUSPICIOUS_MOVE = YES;
				CLANG_WARN_UNGUARDED_AVAILABILITY = YES_AGGRESSIVE;
				CLANG_WARN_UNREACHABLE_CODE = YES;
				CLANG_WARN__DUPLICATE_METHOD_MATCH = YES;
				COPY_PHASE_STRIP = NO;
				DEBUG_INFORMATION_FORMAT = "dwarf-with-dsym";
				ENABLE_NS_ASSERTIONS = NO;
				ENABLE_STRICT_OBJC_MSGSEND = YES;
				GCC_C_LANGUAGE_STANDARD = gnu11;
				GCC_NO_COMMON_BLOCKS = YES;
				GCC_WARN_64_TO_32_BIT_CONVERSION = YES;
				GCC_WARN_ABOUT_RETURN_TYPE = YES_ERROR;
				GCC_WARN_UNDECLARED_SELECTOR = YES;
				GCC_WARN_UNINITIALIZED_AUTOS = YES_AGGRESSIVE;
				GCC_WARN_UNUSED_FUNCTION = YES;
				GCC_WARN_UNUSED_VARIABLE = YES;
				IPHONEOS_DEPLOYMENT_TARGET = 15.5;
				MTL_ENABLE_DEBUG_INFO = NO;
				MTL_FAST_MATH = YES;
				SDKROOT = iphoneos;
				SWIFT_COMPILATION_MODE = wholemodule;
				SWIFT_OPTIMIZATION_LEVEL = "-O";
				VALIDATE_PRODUCT = YES;
			};
			name = Release;
		};
		A7112A4229D51C05003694F8 /* Debug */ = {
			isa = XCBuildConfiguration;
			buildSettings = {
				ASSETCATALOG_COMPILER_APPICON_NAME = AppIcon;
				ASSETCATALOG_COMPILER_GLOBAL_ACCENT_COLOR_NAME = AccentColor;
				CODE_SIGN_STYLE = Automatic;
				CURRENT_PROJECT_VERSION = 1;
				DEVELOPMENT_ASSET_PATHS = "\"StudyBuddy/Preview Content\"";
				DEVELOPMENT_TEAM = F2B5U27YWP;
				ENABLE_PREVIEWS = YES;
				GENERATE_INFOPLIST_FILE = YES;
				INFOPLIST_KEY_UIApplicationSceneManifest_Generation = YES;
				INFOPLIST_KEY_UIApplicationSupportsIndirectInputEvents = YES;
				INFOPLIST_KEY_UILaunchScreen_Generation = YES;
				INFOPLIST_KEY_UISupportedInterfaceOrientations_iPad = "UIInterfaceOrientationPortrait UIInterfaceOrientationPortraitUpsideDown UIInterfaceOrientationLandscapeLeft UIInterfaceOrientationLandscapeRight";
				INFOPLIST_KEY_UISupportedInterfaceOrientations_iPhone = "UIInterfaceOrientationPortrait UIInterfaceOrientationLandscapeLeft UIInterfaceOrientationLandscapeRight";
				LD_RUNPATH_SEARCH_PATHS = (
					"$(inherited)",
					"@executable_path/Frameworks",
				);
				MARKETING_VERSION = 1.0;
				PRODUCT_BUNDLE_IDENTIFIER = cstp2305.StudyBuddy;
				PRODUCT_NAME = "$(TARGET_NAME)";
				SWIFT_EMIT_LOC_STRINGS = YES;
				SWIFT_VERSION = 5.0;
				TARGETED_DEVICE_FAMILY = "1,2";
			};
			name = Debug;
		};
		A7112A4329D51C05003694F8 /* Release */ = {
			isa = XCBuildConfiguration;
			buildSettings = {
				ASSETCATALOG_COMPILER_APPICON_NAME = AppIcon;
				ASSETCATALOG_COMPILER_GLOBAL_ACCENT_COLOR_NAME = AccentColor;
				CODE_SIGN_STYLE = Automatic;
				CURRENT_PROJECT_VERSION = 1;
				DEVELOPMENT_ASSET_PATHS = "\"StudyBuddy/Preview Content\"";
				DEVELOPMENT_TEAM = F2B5U27YWP;
				ENABLE_PREVIEWS = YES;
				GENERATE_INFOPLIST_FILE = YES;
				INFOPLIST_KEY_UIApplicationSceneManifest_Generation = YES;
				INFOPLIST_KEY_UIApplicationSupportsIndirectInputEvents = YES;
				INFOPLIST_KEY_UILaunchScreen_Generation = YES;
				INFOPLIST_KEY_UISupportedInterfaceOrientations_iPad = "UIInterfaceOrientationPortrait UIInterfaceOrientationPortraitUpsideDown UIInterfaceOrientationLandscapeLeft UIInterfaceOrientationLandscapeRight";
				INFOPLIST_KEY_UISupportedInterfaceOrientations_iPhone = "UIInterfaceOrientationPortrait UIInterfaceOrientationLandscapeLeft UIInterfaceOrientationLandscapeRight";
				LD_RUNPATH_SEARCH_PATHS = (
					"$(inherited)",
					"@executable_path/Frameworks",
				);
				MARKETING_VERSION = 1.0;
				PRODUCT_BUNDLE_IDENTIFIER = cstp2305.StudyBuddy;
				PRODUCT_NAME = "$(TARGET_NAME)";
				SWIFT_EMIT_LOC_STRINGS = YES;
				SWIFT_VERSION = 5.0;
				TARGETED_DEVICE_FAMILY = "1,2";
			};
			name = Release;
		};
		A7112A4529D51C05003694F8 /* Debug */ = {
			isa = XCBuildConfiguration;
			buildSettings = {
				ALWAYS_EMBED_SWIFT_STANDARD_LIBRARIES = YES;
				BUNDLE_LOADER = "$(TEST_HOST)";
				CODE_SIGN_STYLE = Automatic;
				CURRENT_PROJECT_VERSION = 1;
				DEVELOPMENT_TEAM = F2B5U27YWP;
				GENERATE_INFOPLIST_FILE = YES;
				IPHONEOS_DEPLOYMENT_TARGET = 15.5;
				MARKETING_VERSION = 1.0;
				PRODUCT_BUNDLE_IDENTIFIER = cstp2305.StudyBuddyTests;
				PRODUCT_NAME = "$(TARGET_NAME)";
				SWIFT_EMIT_LOC_STRINGS = NO;
				SWIFT_VERSION = 5.0;
				TARGETED_DEVICE_FAMILY = "1,2";
				TEST_HOST = "$(BUILT_PRODUCTS_DIR)/StudyBuddy.app/StudyBuddy";
			};
			name = Debug;
		};
		A7112A4629D51C05003694F8 /* Release */ = {
			isa = XCBuildConfiguration;
			buildSettings = {
				ALWAYS_EMBED_SWIFT_STANDARD_LIBRARIES = YES;
				BUNDLE_LOADER = "$(TEST_HOST)";
				CODE_SIGN_STYLE = Automatic;
				CURRENT_PROJECT_VERSION = 1;
				DEVELOPMENT_TEAM = F2B5U27YWP;
				GENERATE_INFOPLIST_FILE = YES;
				IPHONEOS_DEPLOYMENT_TARGET = 15.5;
				MARKETING_VERSION = 1.0;
				PRODUCT_BUNDLE_IDENTIFIER = cstp2305.StudyBuddyTests;
				PRODUCT_NAME = "$(TARGET_NAME)";
				SWIFT_EMIT_LOC_STRINGS = NO;
				SWIFT_VERSION = 5.0;
				TARGETED_DEVICE_FAMILY = "1,2";
				TEST_HOST = "$(BUILT_PRODUCTS_DIR)/StudyBuddy.app/StudyBuddy";
			};
			name = Release;
		};
		A7112A4829D51C05003694F8 /* Debug */ = {
			isa = XCBuildConfiguration;
			buildSettings = {
				ALWAYS_EMBED_SWIFT_STANDARD_LIBRARIES = YES;
				CODE_SIGN_STYLE = Automatic;
				CURRENT_PROJECT_VERSION = 1;
				DEVELOPMENT_TEAM = F2B5U27YWP;
				GENERATE_INFOPLIST_FILE = YES;
				MARKETING_VERSION = 1.0;
				PRODUCT_BUNDLE_IDENTIFIER = cstp2305.StudyBuddyUITests;
				PRODUCT_NAME = "$(TARGET_NAME)";
				SWIFT_EMIT_LOC_STRINGS = NO;
				SWIFT_VERSION = 5.0;
				TARGETED_DEVICE_FAMILY = "1,2";
				TEST_TARGET_NAME = StudyBuddy;
			};
			name = Debug;
		};
		A7112A4929D51C05003694F8 /* Release */ = {
			isa = XCBuildConfiguration;
			buildSettings = {
				ALWAYS_EMBED_SWIFT_STANDARD_LIBRARIES = YES;
				CODE_SIGN_STYLE = Automatic;
				CURRENT_PROJECT_VERSION = 1;
				DEVELOPMENT_TEAM = F2B5U27YWP;
				GENERATE_INFOPLIST_FILE = YES;
				MARKETING_VERSION = 1.0;
				PRODUCT_BUNDLE_IDENTIFIER = cstp2305.StudyBuddyUITests;
				PRODUCT_NAME = "$(TARGET_NAME)";
				SWIFT_EMIT_LOC_STRINGS = NO;
				SWIFT_VERSION = 5.0;
				TARGETED_DEVICE_FAMILY = "1,2";
				TEST_TARGET_NAME = StudyBuddy;
			};
			name = Release;
		};
/* End XCBuildConfiguration section */

/* Begin XCConfigurationList section */
		A7112A1829D51BF7003694F8 /* Build configuration list for PBXProject "StudyBuddy" */ = {
			isa = XCConfigurationList;
			buildConfigurations = (
				A7112A3F29D51C05003694F8 /* Debug */,
				A7112A4029D51C05003694F8 /* Release */,
			);
			defaultConfigurationIsVisible = 0;
			defaultConfigurationName = Release;
		};
		A7112A4129D51C05003694F8 /* Build configuration list for PBXNativeTarget "StudyBuddy" */ = {
			isa = XCConfigurationList;
			buildConfigurations = (
				A7112A4229D51C05003694F8 /* Debug */,
				A7112A4329D51C05003694F8 /* Release */,
			);
			defaultConfigurationIsVisible = 0;
			defaultConfigurationName = Release;
		};
		A7112A4429D51C05003694F8 /* Build configuration list for PBXNativeTarget "StudyBuddyTests" */ = {
			isa = XCConfigurationList;
			buildConfigurations = (
				A7112A4529D51C05003694F8 /* Debug */,
				A7112A4629D51C05003694F8 /* Release */,
			);
			defaultConfigurationIsVisible = 0;
			defaultConfigurationName = Release;
		};
		A7112A4729D51C05003694F8 /* Build configuration list for PBXNativeTarget "StudyBuddyUITests" */ = {
			isa = XCConfigurationList;
			buildConfigurations = (
				A7112A4829D51C05003694F8 /* Debug */,
				A7112A4929D51C05003694F8 /* Release */,
			);
			defaultConfigurationIsVisible = 0;
			defaultConfigurationName = Release;
		};
/* End XCConfigurationList section */

/* Begin XCRemoteSwiftPackageReference section */
		36B3DBF429D53EAE002DB63D /* XCRemoteSwiftPackageReference "firebase-ios-sdk" */ = {
			isa = XCRemoteSwiftPackageReference;
			repositoryURL = "https://github.com/firebase/firebase-ios-sdk";
			requirement = {
				kind = upToNextMajorVersion;
				minimumVersion = 9.0.0;
			};
		};
/* End XCRemoteSwiftPackageReference section */

/* Begin XCSwiftPackageProductDependency section */
		36B3DBF529D53EAE002DB63D /* FirebaseFirestore */ = {
			isa = XCSwiftPackageProductDependency;
			package = 36B3DBF429D53EAE002DB63D /* XCRemoteSwiftPackageReference "firebase-ios-sdk" */;
			productName = FirebaseFirestore;
		};
		36B3DBF729D53EAE002DB63D /* FirebaseFirestoreSwift */ = {
			isa = XCSwiftPackageProductDependency;
			package = 36B3DBF429D53EAE002DB63D /* XCRemoteSwiftPackageReference "firebase-ios-sdk" */;
			productName = FirebaseFirestoreSwift;
		};
/* End XCSwiftPackageProductDependency section */

/* Begin XCVersionGroup section */
		3678915129D61811006BE614 /* DataModel.xcdatamodeld */ = {
			isa = XCVersionGroup;
			children = (
				3678915229D61811006BE614 /* DataModel.xcdatamodel */,
			);
			currentVersion = 3678915229D61811006BE614 /* DataModel.xcdatamodel */;
			path = DataModel.xcdatamodeld;
			sourceTree = "<group>";
			versionGroupType = wrapper.xcdatamodel;
		};
/* End XCVersionGroup section */
	};
	rootObject = A7112A1529D51BF7003694F8 /* Project object */;
}
